<Solution>
  <Project Path="Bi.ConSight.SqlAgent/Bi.ConSight.SqlAgent.csproj" />
  <Project Path="ConSight.DONGBO.DAQ/ConSight.DONGBO.DAQ.csproj" />
  <Project Path="ConSight.DONGBO.PlcSimulator/ConSight.DONGBO.PlcSimulator.csproj" />
  <Project Path="ConSight.DONGBO.DAQ.Tests/ConSight.DONGBO.DAQ.Tests.csproj" />
</Solution>
